
Microsoft Visual Studio Solution File, Format Version 12.00
# Visual Studio 15
VisualStudioVersion = 15.0.28307.168
MinimumVisualStudioVersion = 10.0.40219.1
Project("{FAE04EC0-301F-11D3-BF4B-00C04F79EFBC}") = "AspNetCore", "AspNetCore\AspNetCore.csproj", "{B322DE81-4015-4013-AEBF-CAC22F151542}"
EndProject
Global
	GlobalSection(SolutionConfigurationPlatforms) = preSolution
		Debug|Any CPU = Debug|Any CPU
		Release|Any CPU = Release|Any CPU
	EndGlobalSection
	GlobalSection(ProjectConfigurationPlatforms) = postSolution
		{B322DE81-4015-4013-AEBF-CAC22F151542}.Debug|Any CPU.ActiveCfg = Debug|Any CPU
		{B322DE81-4015-4013-AEBF-CAC22F151542}.Debug|Any CPU.Build.0 = Debug|Any CPU
		{B322DE81-4015-4013-AEBF-CAC22F151542}.Release|Any CPU.ActiveCfg = Release|Any CPU
		{B322DE81-4015-4013-AEBF-CAC22F151542}.Release|Any CPU.Build.0 = Release|Any CPU
	EndGlobalSection
	GlobalSection(SolutionProperties) = preSolution
		HideSolutionNode = FALSE
	EndGlobalSection
	GlobalSection(ExtensibilityGlobals) = postSolution
		SolutionGuid = {BFDC411E-16C0-40FB-9D06-B39F8FBCC55D}
	EndGlobalSection
EndGlobal
